
Microsoft Visual Studio Solution File, Format Version 12.00
# Visual Studio Version 17
VisualStudioVersion = 17.8.34316.72
MinimumVisualStudioVersion = 10.0.40219.1
Project("{FAE04EC0-301F-11D3-BF4B-00C04F79EFBC}") = "LifePayTests", "LifePayTests.csproj", "{3C5DC4ED-052F-4C5F-86EC-81389F2FC405}"
EndProject
Global
	GlobalSection(SolutionConfigurationPlatforms) = preSolution
		Debug|Any CPU = Debug|Any CPU
		Release|Any CPU = Release|Any CPU
	EndGlobalSection
	GlobalSection(ProjectConfigurationPlatforms) = postSolution
		{3C5DC4ED-052F-4C5F-86EC-81389F2FC405}.Debug|Any CPU.ActiveCfg = Debug|Any CPU
		{3C5DC4ED-052F-4C5F-86EC-81389F2FC405}.Debug|Any CPU.Build.0 = Debug|Any CPU
		{3C5DC4ED-052F-4C5F-86EC-81389F2FC405}.Release|Any CPU.ActiveCfg = Release|Any CPU
		{3C5DC4ED-052F-4C5F-86EC-81389F2FC405}.Release|Any CPU.Build.0 = Release|Any CPU
	EndGlobalSection
	GlobalSection(SolutionProperties) = preSolution
		HideSolutionNode = FALSE
	EndGlobalSection
	GlobalSection(ExtensibilityGlobals) = postSolution
		SolutionGuid = {BE8B5856-A1B7-4522-A856-A422291CF709}
	EndGlobalSection
EndGlobal
